
Microsoft Visual Studio Solution File, Format Version 12.00
# Visual Studio Version 17
VisualStudioVersion = 17.11.35222.181
MinimumVisualStudioVersion = 10.0.40219.1
Project("{9A19103F-16F7-4668-BE54-9A1E7A4F7556}") = "CountryInformationXML", "CountryInformationXML\CountryInformationXML.csproj", "{457DC77F-3087-49B4-96DF-C73AB1116628}"
EndProject
Global
	GlobalSection(SolutionConfigurationPlatforms) = preSolution
		Debug|Any CPU = Debug|Any CPU
		Release|Any CPU = Release|Any CPU
	EndGlobalSection
	GlobalSection(ProjectConfigurationPlatforms) = postSolution
		{457DC77F-3087-49B4-96DF-C73AB1116628}.Debug|Any CPU.ActiveCfg = Debug|Any CPU
		{457DC77F-3087-49B4-96DF-C73AB1116628}.Debug|Any CPU.Build.0 = Debug|Any CPU
		{457DC77F-3087-49B4-96DF-C73AB1116628}.Release|Any CPU.ActiveCfg = Release|Any CPU
		{457DC77F-3087-49B4-96DF-C73AB1116628}.Release|Any CPU.Build.0 = Release|Any CPU
	EndGlobalSection
	GlobalSection(SolutionProperties) = preSolution
		HideSolutionNode = FALSE
	EndGlobalSection
	GlobalSection(ExtensibilityGlobals) = postSolution
		SolutionGuid = {A4249F62-EB62-4CD2-9CC4-A53D0D810BFB}
	EndGlobalSection
EndGlobal
